
Microsoft Visual Studio Solution File, Format Version 12.00
# Visual Studio 15
VisualStudioVersion = 15.0.28307.960
MinimumVisualStudioVersion = 10.0.40219.1
Project("{FAE04EC0-301F-11D3-BF4B-00C04F79EFBC}") = "mvcEjemplo1", "mvcEjemplo1\mvcEjemplo1.csproj", "{24AC1319-C8B9-42D9-B0F7-775B942C760B}"
EndProject
Project("{FAE04EC0-301F-11D3-BF4B-00C04F79EFBC}") = "mvcEjemplo2", "mvcEjemplo2\mvcEjemplo2.csproj", "{BEE71DEF-0C6F-487E-93A0-6085F9C671DE}"
EndProject
Global
	GlobalSection(SolutionConfigurationPlatforms) = preSolution
		Debug|Any CPU = Debug|Any CPU
		Release|Any CPU = Release|Any CPU
	EndGlobalSection
	GlobalSection(ProjectConfigurationPlatforms) = postSolution
		{24AC1319-C8B9-42D9-B0F7-775B942C760B}.Debug|Any CPU.ActiveCfg = Debug|Any CPU
		{24AC1319-C8B9-42D9-B0F7-775B942C760B}.Debug|Any CPU.Build.0 = Debug|Any CPU
		{24AC1319-C8B9-42D9-B0F7-775B942C760B}.Release|Any CPU.ActiveCfg = Release|Any CPU
		{24AC1319-C8B9-42D9-B0F7-775B942C760B}.Release|Any CPU.Build.0 = Release|Any CPU
		{BEE71DEF-0C6F-487E-93A0-6085F9C671DE}.Debug|Any CPU.ActiveCfg = Debug|Any CPU
		{BEE71DEF-0C6F-487E-93A0-6085F9C671DE}.Debug|Any CPU.Build.0 = Debug|Any CPU
		{BEE71DEF-0C6F-487E-93A0-6085F9C671DE}.Release|Any CPU.ActiveCfg = Release|Any CPU
		{BEE71DEF-0C6F-487E-93A0-6085F9C671DE}.Release|Any CPU.Build.0 = Release|Any CPU
	EndGlobalSection
	GlobalSection(SolutionProperties) = preSolution
		HideSolutionNode = FALSE
	EndGlobalSection
	GlobalSection(ExtensibilityGlobals) = postSolution
		SolutionGuid = {C2063C7C-CD0B-4938-AA4C-78DE097811BF}
	EndGlobalSection
EndGlobal
