
Microsoft Visual Studio Solution File, Format Version 12.00
# Visual Studio 15
VisualStudioVersion = 15.0.28307.960
MinimumVisualStudioVersion = 10.0.40219.1
Project("{9A19103F-16F7-4668-BE54-9A1E7A4F7556}") = "CAEjemplo1", "CAEjemplo1\CAEjemplo1.csproj", "{FC1759C5-4ABB-43C2-8800-5180A837579C}"
EndProject
Project("{9A19103F-16F7-4668-BE54-9A1E7A4F7556}") = "CAEjemplo2", "CAEjemplo2\CAEjemplo2.csproj", "{172BC732-E4F6-40FA-AD91-D87BCE0598F9}"
EndProject
Project("{FAE04EC0-301F-11D3-BF4B-00C04F79EFBC}") = "CAEjemplo3", "CAEjemplo3\CAEjemplo3.csproj", "{251C1755-EDFF-4B28-A2DB-C902CCA81E78}"
EndProject
Project("{FAE04EC0-301F-11D3-BF4B-00C04F79EFBC}") = "WFEjemplo1", "WFEjemplo1\WFEjemplo1.csproj", "{189AA5F2-E0E1-4300-AD2B-D9A5B65DCB5B}"
EndProject
Global
	GlobalSection(SolutionConfigurationPlatforms) = preSolution
		Debug|Any CPU = Debug|Any CPU
		Release|Any CPU = Release|Any CPU
	EndGlobalSection
	GlobalSection(ProjectConfigurationPlatforms) = postSolution
		{FC1759C5-4ABB-43C2-8800-5180A837579C}.Debug|Any CPU.ActiveCfg = Debug|Any CPU
		{FC1759C5-4ABB-43C2-8800-5180A837579C}.Debug|Any CPU.Build.0 = Debug|Any CPU
		{FC1759C5-4ABB-43C2-8800-5180A837579C}.Release|Any CPU.ActiveCfg = Release|Any CPU
		{FC1759C5-4ABB-43C2-8800-5180A837579C}.Release|Any CPU.Build.0 = Release|Any CPU
		{172BC732-E4F6-40FA-AD91-D87BCE0598F9}.Debug|Any CPU.ActiveCfg = Debug|Any CPU
		{172BC732-E4F6-40FA-AD91-D87BCE0598F9}.Debug|Any CPU.Build.0 = Debug|Any CPU
		{172BC732-E4F6-40FA-AD91-D87BCE0598F9}.Release|Any CPU.ActiveCfg = Release|Any CPU
		{172BC732-E4F6-40FA-AD91-D87BCE0598F9}.Release|Any CPU.Build.0 = Release|Any CPU
		{251C1755-EDFF-4B28-A2DB-C902CCA81E78}.Debug|Any CPU.ActiveCfg = Debug|Any CPU
		{251C1755-EDFF-4B28-A2DB-C902CCA81E78}.Debug|Any CPU.Build.0 = Debug|Any CPU
		{251C1755-EDFF-4B28-A2DB-C902CCA81E78}.Release|Any CPU.ActiveCfg = Release|Any CPU
		{251C1755-EDFF-4B28-A2DB-C902CCA81E78}.Release|Any CPU.Build.0 = Release|Any CPU
		{189AA5F2-E0E1-4300-AD2B-D9A5B65DCB5B}.Debug|Any CPU.ActiveCfg = Debug|Any CPU
		{189AA5F2-E0E1-4300-AD2B-D9A5B65DCB5B}.Debug|Any CPU.Build.0 = Debug|Any CPU
		{189AA5F2-E0E1-4300-AD2B-D9A5B65DCB5B}.Release|Any CPU.ActiveCfg = Release|Any CPU
		{189AA5F2-E0E1-4300-AD2B-D9A5B65DCB5B}.Release|Any CPU.Build.0 = Release|Any CPU
	EndGlobalSection
	GlobalSection(SolutionProperties) = preSolution
		HideSolutionNode = FALSE
	EndGlobalSection
	GlobalSection(ExtensibilityGlobals) = postSolution
		SolutionGuid = {33C1794E-8456-4CA5-B533-F3B0CE71D5CE}
	EndGlobalSection
EndGlobal
